
Microsoft Visual Studio Solution File, Format Version 12.00
# Visual Studio Version 16
VisualStudioVersion = 16.0.29009.5
MinimumVisualStudioVersion = 10.0.40219.1
Project("{FAE04EC0-301F-11D3-BF4B-00C04F79EFBC}") = "ObserverPattern", "ObserverPattern\ObserverPattern.csproj", "{EBE04FED-07FF-4FE3-B606-324932263F33}"
EndProject
Global
	GlobalSection(SolutionConfigurationPlatforms) = preSolution
		Debug|Any CPU = Debug|Any CPU
		Release|Any CPU = Release|Any CPU
	EndGlobalSection
	GlobalSection(ProjectConfigurationPlatforms) = postSolution
		{EBE04FED-07FF-4FE3-B606-324932263F33}.Debug|Any CPU.ActiveCfg = Debug|Any CPU
		{EBE04FED-07FF-4FE3-B606-324932263F33}.Debug|Any CPU.Build.0 = Debug|Any CPU
		{EBE04FED-07FF-4FE3-B606-324932263F33}.Release|Any CPU.ActiveCfg = Release|Any CPU
		{EBE04FED-07FF-4FE3-B606-324932263F33}.Release|Any CPU.Build.0 = Release|Any CPU
	EndGlobalSection
	GlobalSection(SolutionProperties) = preSolution
		HideSolutionNode = FALSE
	EndGlobalSection
	GlobalSection(ExtensibilityGlobals) = postSolution
		SolutionGuid = {B34985E3-25AF-449A-8D83-3BB705EFFE81}
	EndGlobalSection
EndGlobal
